
Microsoft Visual Studio Solution File, Format Version 12.00
# Visual Studio Version 16
VisualStudioVersion = 16.0.29806.167
MinimumVisualStudioVersion = 10.0.40219.1
Project("{9A19103F-16F7-4668-BE54-9A1E7A4F7556}") = "QUES1", "QUES1\QUES1.csproj", "{F089D845-A968-49FB-9941-B8405B1EE45E}"
EndProject
Project("{9A19103F-16F7-4668-BE54-9A1E7A4F7556}") = "QUES2", "QUES2\QUES2.csproj", "{1FBE09B0-031E-4B83-B69D-8B16374039D3}"
EndProject
Project("{9A19103F-16F7-4668-BE54-9A1E7A4F7556}") = "QUES3", "QUES3\QUES3.csproj", "{729BE11B-5B79-4303-B9E2-5696BA886BA0}"
EndProject
Project("{9A19103F-16F7-4668-BE54-9A1E7A4F7556}") = "Ques4", "Ques4\Ques4.csproj", "{93E35EC7-FCA5-4C1A-B8BD-6869AFDFB21B}"
EndProject
Project("{9A19103F-16F7-4668-BE54-9A1E7A4F7556}") = "QUES6", "QUES6\QUES6.csproj", "{93027A2A-4DAC-44BC-A7C6-B1EBFEAD5F80}"
EndProject
Project("{9A19103F-16F7-4668-BE54-9A1E7A4F7556}") = "QUES7", "QUES7\QUES7.csproj", "{13332840-BC30-46B7-992A-315DEC9E6623}"
EndProject
Project("{FAE04EC0-301F-11D3-BF4B-00C04F79EFBC}") = "QUES8", "QUES8\QUES8.csproj", "{CDDB6867-7232-4FAA-B3EE-268FD88725DB}"
EndProject
Global
	GlobalSection(SolutionConfigurationPlatforms) = preSolution
		Debug|Any CPU = Debug|Any CPU
		Release|Any CPU = Release|Any CPU
	EndGlobalSection
	GlobalSection(ProjectConfigurationPlatforms) = postSolution
		{F089D845-A968-49FB-9941-B8405B1EE45E}.Debug|Any CPU.ActiveCfg = Debug|Any CPU
		{F089D845-A968-49FB-9941-B8405B1EE45E}.Debug|Any CPU.Build.0 = Debug|Any CPU
		{F089D845-A968-49FB-9941-B8405B1EE45E}.Release|Any CPU.ActiveCfg = Release|Any CPU
		{F089D845-A968-49FB-9941-B8405B1EE45E}.Release|Any CPU.Build.0 = Release|Any CPU
		{1FBE09B0-031E-4B83-B69D-8B16374039D3}.Debug|Any CPU.ActiveCfg = Debug|Any CPU
		{1FBE09B0-031E-4B83-B69D-8B16374039D3}.Debug|Any CPU.Build.0 = Debug|Any CPU
		{1FBE09B0-031E-4B83-B69D-8B16374039D3}.Release|Any CPU.ActiveCfg = Release|Any CPU
		{1FBE09B0-031E-4B83-B69D-8B16374039D3}.Release|Any CPU.Build.0 = Release|Any CPU
		{729BE11B-5B79-4303-B9E2-5696BA886BA0}.Debug|Any CPU.ActiveCfg = Debug|Any CPU
		{729BE11B-5B79-4303-B9E2-5696BA886BA0}.Debug|Any CPU.Build.0 = Debug|Any CPU
		{729BE11B-5B79-4303-B9E2-5696BA886BA0}.Release|Any CPU.ActiveCfg = Release|Any CPU
		{729BE11B-5B79-4303-B9E2-5696BA886BA0}.Release|Any CPU.Build.0 = Release|Any CPU
		{93E35EC7-FCA5-4C1A-B8BD-6869AFDFB21B}.Debug|Any CPU.ActiveCfg = Debug|Any CPU
		{93E35EC7-FCA5-4C1A-B8BD-6869AFDFB21B}.Debug|Any CPU.Build.0 = Debug|Any CPU
		{93E35EC7-FCA5-4C1A-B8BD-6869AFDFB21B}.Release|Any CPU.ActiveCfg = Release|Any CPU
		{93E35EC7-FCA5-4C1A-B8BD-6869AFDFB21B}.Release|Any CPU.Build.0 = Release|Any CPU
		{93027A2A-4DAC-44BC-A7C6-B1EBFEAD5F80}.Debug|Any CPU.ActiveCfg = Debug|Any CPU
		{93027A2A-4DAC-44BC-A7C6-B1EBFEAD5F80}.Debug|Any CPU.Build.0 = Debug|Any CPU
		{93027A2A-4DAC-44BC-A7C6-B1EBFEAD5F80}.Release|Any CPU.ActiveCfg = Release|Any CPU
		{93027A2A-4DAC-44BC-A7C6-B1EBFEAD5F80}.Release|Any CPU.Build.0 = Release|Any CPU
		{13332840-BC30-46B7-992A-315DEC9E6623}.Debug|Any CPU.ActiveCfg = Debug|Any CPU
		{13332840-BC30-46B7-992A-315DEC9E6623}.Debug|Any CPU.Build.0 = Debug|Any CPU
		{13332840-BC30-46B7-992A-315DEC9E6623}.Release|Any CPU.ActiveCfg = Release|Any CPU
		{13332840-BC30-46B7-992A-315DEC9E6623}.Release|Any CPU.Build.0 = Release|Any CPU
		{CDDB6867-7232-4FAA-B3EE-268FD88725DB}.Debug|Any CPU.ActiveCfg = Debug|Any CPU
		{CDDB6867-7232-4FAA-B3EE-268FD88725DB}.Debug|Any CPU.Build.0 = Debug|Any CPU
		{CDDB6867-7232-4FAA-B3EE-268FD88725DB}.Release|Any CPU.ActiveCfg = Release|Any CPU
		{CDDB6867-7232-4FAA-B3EE-268FD88725DB}.Release|Any CPU.Build.0 = Release|Any CPU
	EndGlobalSection
	GlobalSection(SolutionProperties) = preSolution
		HideSolutionNode = FALSE
	EndGlobalSection
	GlobalSection(ExtensibilityGlobals) = postSolution
		SolutionGuid = {BB62025F-C1A5-4668-8110-E3240CF73996}
	EndGlobalSection
EndGlobal
