
Microsoft Visual Studio Solution File, Format Version 12.00
# Visual Studio Version 16
VisualStudioVersion = 16.0.29806.167
MinimumVisualStudioVersion = 10.0.40219.1
Project("{9A19103F-16F7-4668-BE54-9A1E7A4F7556}") = "QUES1", "QUES1\QUES1.csproj", "{E0076DB8-F0D6-42EC-931F-A55E7965B2DE}"
EndProject
Project("{9A19103F-16F7-4668-BE54-9A1E7A4F7556}") = "QUES3", "QUES3\QUES3.csproj", "{571893A6-4918-493C-A3E9-3FAD0F363391}"
EndProject
Project("{9A19103F-16F7-4668-BE54-9A1E7A4F7556}") = "QUES2", "QUES2\QUES2.csproj", "{2CCC00DD-4C57-4AA0-89D1-6396C55666DC}"
EndProject
Project("{9A19103F-16F7-4668-BE54-9A1E7A4F7556}") = "QUES5", "QUES 5\QUES5.csproj", "{B77AEF09-B054-45D1-8651-1540103CAAF8}"
EndProject
Project("{9A19103F-16F7-4668-BE54-9A1E7A4F7556}") = "QUES4", "QUES4\QUES4.csproj", "{36373B1A-5890-4929-8D92-1CE939EEAC19}"
EndProject
Project("{FAE04EC0-301F-11D3-BF4B-00C04F79EFBC}") = "QUES6", "QUES6\QUES6.csproj", "{B4FE9D26-F556-412F-8DCA-EAE0D284EB1D}"
EndProject
Project("{FAE04EC0-301F-11D3-BF4B-00C04F79EFBC}") = "QUES7", "QUES7\QUES7.csproj", "{78EC2A56-0B55-49A9-AB7B-1C98A9002248}"
EndProject
Project("{FAE04EC0-301F-11D3-BF4B-00C04F79EFBC}") = "QUES8", "QUES8\QUES8.csproj", "{E3933095-7B61-4DE6-8AE4-EEF2D67B8E7B}"
EndProject
Project("{FAE04EC0-301F-11D3-BF4B-00C04F79EFBC}") = "QUES9", "QUES9\QUES9.csproj", "{8118C622-4A7F-4EB4-803C-9C93E7A4F973}"
EndProject
Global
	GlobalSection(SolutionConfigurationPlatforms) = preSolution
		Debug|Any CPU = Debug|Any CPU
		Release|Any CPU = Release|Any CPU
	EndGlobalSection
	GlobalSection(ProjectConfigurationPlatforms) = postSolution
		{E0076DB8-F0D6-42EC-931F-A55E7965B2DE}.Debug|Any CPU.ActiveCfg = Debug|Any CPU
		{E0076DB8-F0D6-42EC-931F-A55E7965B2DE}.Debug|Any CPU.Build.0 = Debug|Any CPU
		{E0076DB8-F0D6-42EC-931F-A55E7965B2DE}.Release|Any CPU.ActiveCfg = Release|Any CPU
		{E0076DB8-F0D6-42EC-931F-A55E7965B2DE}.Release|Any CPU.Build.0 = Release|Any CPU
		{571893A6-4918-493C-A3E9-3FAD0F363391}.Debug|Any CPU.ActiveCfg = Debug|Any CPU
		{571893A6-4918-493C-A3E9-3FAD0F363391}.Debug|Any CPU.Build.0 = Debug|Any CPU
		{571893A6-4918-493C-A3E9-3FAD0F363391}.Release|Any CPU.ActiveCfg = Release|Any CPU
		{571893A6-4918-493C-A3E9-3FAD0F363391}.Release|Any CPU.Build.0 = Release|Any CPU
		{2CCC00DD-4C57-4AA0-89D1-6396C55666DC}.Debug|Any CPU.ActiveCfg = Debug|Any CPU
		{2CCC00DD-4C57-4AA0-89D1-6396C55666DC}.Debug|Any CPU.Build.0 = Debug|Any CPU
		{2CCC00DD-4C57-4AA0-89D1-6396C55666DC}.Release|Any CPU.ActiveCfg = Release|Any CPU
		{2CCC00DD-4C57-4AA0-89D1-6396C55666DC}.Release|Any CPU.Build.0 = Release|Any CPU
		{B77AEF09-B054-45D1-8651-1540103CAAF8}.Debug|Any CPU.ActiveCfg = Debug|Any CPU
		{B77AEF09-B054-45D1-8651-1540103CAAF8}.Debug|Any CPU.Build.0 = Debug|Any CPU
		{B77AEF09-B054-45D1-8651-1540103CAAF8}.Release|Any CPU.ActiveCfg = Release|Any CPU
		{B77AEF09-B054-45D1-8651-1540103CAAF8}.Release|Any CPU.Build.0 = Release|Any CPU
		{36373B1A-5890-4929-8D92-1CE939EEAC19}.Debug|Any CPU.ActiveCfg = Debug|Any CPU
		{36373B1A-5890-4929-8D92-1CE939EEAC19}.Debug|Any CPU.Build.0 = Debug|Any CPU
		{36373B1A-5890-4929-8D92-1CE939EEAC19}.Release|Any CPU.ActiveCfg = Release|Any CPU
		{36373B1A-5890-4929-8D92-1CE939EEAC19}.Release|Any CPU.Build.0 = Release|Any CPU
		{B4FE9D26-F556-412F-8DCA-EAE0D284EB1D}.Debug|Any CPU.ActiveCfg = Debug|Any CPU
		{B4FE9D26-F556-412F-8DCA-EAE0D284EB1D}.Debug|Any CPU.Build.0 = Debug|Any CPU
		{B4FE9D26-F556-412F-8DCA-EAE0D284EB1D}.Release|Any CPU.ActiveCfg = Release|Any CPU
		{B4FE9D26-F556-412F-8DCA-EAE0D284EB1D}.Release|Any CPU.Build.0 = Release|Any CPU
		{78EC2A56-0B55-49A9-AB7B-1C98A9002248}.Debug|Any CPU.ActiveCfg = Debug|Any CPU
		{78EC2A56-0B55-49A9-AB7B-1C98A9002248}.Debug|Any CPU.Build.0 = Debug|Any CPU
		{78EC2A56-0B55-49A9-AB7B-1C98A9002248}.Release|Any CPU.ActiveCfg = Release|Any CPU
		{78EC2A56-0B55-49A9-AB7B-1C98A9002248}.Release|Any CPU.Build.0 = Release|Any CPU
		{E3933095-7B61-4DE6-8AE4-EEF2D67B8E7B}.Debug|Any CPU.ActiveCfg = Debug|Any CPU
		{E3933095-7B61-4DE6-8AE4-EEF2D67B8E7B}.Debug|Any CPU.Build.0 = Debug|Any CPU
		{E3933095-7B61-4DE6-8AE4-EEF2D67B8E7B}.Release|Any CPU.ActiveCfg = Release|Any CPU
		{E3933095-7B61-4DE6-8AE4-EEF2D67B8E7B}.Release|Any CPU.Build.0 = Release|Any CPU
		{8118C622-4A7F-4EB4-803C-9C93E7A4F973}.Debug|Any CPU.ActiveCfg = Debug|Any CPU
		{8118C622-4A7F-4EB4-803C-9C93E7A4F973}.Debug|Any CPU.Build.0 = Debug|Any CPU
		{8118C622-4A7F-4EB4-803C-9C93E7A4F973}.Release|Any CPU.ActiveCfg = Release|Any CPU
		{8118C622-4A7F-4EB4-803C-9C93E7A4F973}.Release|Any CPU.Build.0 = Release|Any CPU
	EndGlobalSection
	GlobalSection(SolutionProperties) = preSolution
		HideSolutionNode = FALSE
	EndGlobalSection
	GlobalSection(ExtensibilityGlobals) = postSolution
		SolutionGuid = {50BEF4E4-3E75-4613-AFA9-0E37E1583A16}
	EndGlobalSection
EndGlobal
